// !$*UTF8*$!
{
	archiveVersion = 1;
	classes = {
	};
	objectVersion = 50;
	objects = {

/* Begin PBXBuildFile section */
		1B6651A12476EE410050CC09 /* AppDelegate.swift in Sources */ = {isa = PBXBuildFile; fileRef = 1B6651A02476EE410050CC09 /* AppDelegate.swift */; };
		1B6651A32476EE410050CC09 /* SceneDelegate.swift in Sources */ = {isa = PBXBuildFile; fileRef = 1B6651A22476EE410050CC09 /* SceneDelegate.swift */; };
		1B6651A52476EE410050CC09 /* LoginVC.swift in Sources */ = {isa = PBXBuildFile; fileRef = 1B6651A42476EE410050CC09 /* LoginVC.swift */; };
		1B6651A82476EE410050CC09 /* Main.storyboard in Resources */ = {isa = PBXBuildFile; fileRef = 1B6651A62476EE410050CC09 /* Main.storyboard */; };
		1B6651AA2476EE420050CC09 /* Assets.xcassets in Resources */ = {isa = PBXBuildFile; fileRef = 1B6651A92476EE420050CC09 /* Assets.xcassets */; };
		1B6651AD2476EE420050CC09 /* LaunchScreen.storyboard in Resources */ = {isa = PBXBuildFile; fileRef = 1B6651AB2476EE420050CC09 /* LaunchScreen.storyboard */; };
		1B6651B82476EE420050CC09 /* UIStackViewProjTests.swift in Sources */ = {isa = PBXBuildFile; fileRef = 1B6651B72476EE420050CC09 /* UIStackViewProjTests.swift */; };
		1BFB0583247EC92200C550F1 /* ProfileVC.swift in Sources */ = {isa = PBXBuildFile; fileRef = 1BFB0582247EC92200C550F1 /* ProfileVC.swift */; };
/* End PBXBuildFile section */

/* Begin PBXContainerItemProxy section */
		1B6651B42476EE420050CC09 /* PBXContainerItemProxy */ = {
			isa = PBXContainerItemProxy;
			containerPortal = 1B6651952476EE410050CC09 /* Project object */;
			proxyType = 1;
			remoteGlobalIDString = 1B66519C2476EE410050CC09;
			remoteInfo = UIStackViewProj;
		};
/* End PBXContainerItemProxy section */

/* Begin PBXFileReference section */
		1B66519D2476EE410050CC09 /* UIStackViewProj.app */ = {isa = PBXFileReference; explicitFileType = wrapper.application; includeInIndex = 0; path = UIStackViewProj.app; sourceTree = BUILT_PRODUCTS_DIR; };
		1B6651A02476EE410050CC09 /* AppDelegate.swift */ = {isa = PBXFileReference; lastKnownFileType = sourcecode.swift; path = AppDelegate.swift; sourceTree = "<group>"; };
		1B6651A22476EE410050CC09 /* SceneDelegate.swift */ = {isa = PBXFileReference; lastKnownFileType = sourcecode.swift; path = SceneDelegate.swift; sourceTree = "<group>"; };
		1B6651A42476EE410050CC09 /* LoginVC.swift */ = {isa = PBXFileReference; lastKnownFileType = sourcecode.swift; path = LoginVC.swift; sourceTree = "<group>"; };
		1B6651A72476EE410050CC09 /* Base */ = {isa = PBXFileReference; lastKnownFileType = file.storyboard; name = Base; path = Base.lproj/Main.storyboard; sourceTree = "<group>"; };
		1B6651A92476EE420050CC09 /* Assets.xcassets */ = {isa = PBXFileReference; lastKnownFileType = folder.assetcatalog; path = Assets.xcassets; sourceTree = "<group>"; };
		1B6651AC2476EE420050CC09 /* Base */ = {isa = PBXFileReference; lastKnownFileType = file.storyboard; name = Base; path = Base.lproj/LaunchScreen.storyboard; sourceTree = "<group>"; };
		1B6651AE2476EE420050CC09 /* Info.plist */ = {isa = PBXFileReference; lastKnownFileType = text.plist.xml; path = Info.plist; sourceTree = "<group>"; };
		1B6651B32476EE420050CC09 /* UIStackViewProjTests.xctest */ = {isa = PBXFileReference; explicitFileType = wrapper.cfbundle; includeInIndex = 0; path = UIStackViewProjTests.xctest; sourceTree = BUILT_PRODUCTS_DIR; };
		1B6651B72476EE420050CC09 /* UIStackViewProjTests.swift */ = {isa = PBXFileReference; lastKnownFileType = sourcecode.swift; path = UIStackViewProjTests.swift; sourceTree = "<group>"; };
		1B6651B92476EE420050CC09 /* Info.plist */ = {isa = PBXFileReference; lastKnownFileType = text.plist.xml; path = Info.plist; sourceTree = "<group>"; };
		1BFB0582247EC92200C550F1 /* ProfileVC.swift */ = {isa = PBXFileReference; lastKnownFileType = sourcecode.swift; path = ProfileVC.swift; sourceTree = "<group>"; };
/* End PBXFileReference section */

/* Begin PBXFrameworksBuildPhase section */
		1B66519A2476EE410050CC09 /* Frameworks */ = {
			isa = PBXFrameworksBuildPhase;
			buildActionMask = 2147483647;
			files = (
			);
			runOnlyForDeploymentPostprocessing = 0;
		};
		1B6651B02476EE420050CC09 /* Frameworks */ = {
			isa = PBXFrameworksBuildPhase;
			buildActionMask = 2147483647;
			files = (
			);
			runOnlyForDeploymentPostprocessing = 0;
		};
/* End PBXFrameworksBuildPhase section */

/* Begin PBXGroup section */
		1B6651942476EE410050CC09 = {
			isa = PBXGroup;
			children = (
				1B66519F2476EE410050CC09 /* UIStackViewProj */,
				1B6651B62476EE420050CC09 /* UIStackViewProjTests */,
				1B66519E2476EE410050CC09 /* Products */,
			);
			sourceTree = "<group>";
		};
		1B66519E2476EE410050CC09 /* Products */ = {
			isa = PBXGroup;
			children = (
				1B66519D2476EE410050CC09 /* UIStackViewProj.app */,
				1B6651B32476EE420050CC09 /* UIStackViewProjTests.xctest */,
			);
			name = Products;
			sourceTree = "<group>";
		};
		1B66519F2476EE410050CC09 /* UIStackViewProj */ = {
			isa = PBXGroup;
			children = (
				1B6651A02476EE410050CC09 /* AppDelegate.swift */,
				1B6651A22476EE410050CC09 /* SceneDelegate.swift */,
				1B6651A42476EE410050CC09 /* LoginVC.swift */,
				1BFB0582247EC92200C550F1 /* ProfileVC.swift */,
				1B6651A62476EE410050CC09 /* Main.storyboard */,
				1B6651A92476EE420050CC09 /* Assets.xcassets */,
				1B6651AB2476EE420050CC09 /* LaunchScreen.storyboard */,
				1B6651AE2476EE420050CC09 /* Info.plist */,
			);
			path = UIStackViewProj;
			sourceTree = "<group>";
		};
		1B6651B62476EE420050CC09 /* UIStackViewProjTests */ = {
			isa = PBXGroup;
			children = (
				1B6651B72476EE420050CC09 /* UIStackViewProjTests.swift */,
				1B6651B92476EE420050CC09 /* Info.plist */,
			);
			path = UIStackViewProjTests;
			sourceTree = "<group>";
		};
/* End PBXGroup section */

/* Begin PBXNativeTarget section */
		1B66519C2476EE410050CC09 /* UIStackViewProj */ = {
			isa = PBXNativeTarget;
			buildConfigurationList = 1B6651BC2476EE420050CC09 /* Build configuration list for PBXNativeTarget "UIStackViewProj" */;
			buildPhases = (
				1B6651992476EE410050CC09 /* Sources */,
				1B66519A2476EE410050CC09 /* Frameworks */,
				1B66519B2476EE410050CC09 /* Resources */,
			);
			buildRules = (
			);
			dependencies = (
			);
			name = UIStackViewProj;
			productName = UIStackViewProj;
			productReference = 1B66519D2476EE410050CC09 /* UIStackViewProj.app */;
			productType = "com.apple.product-type.application";
		};
		1B6651B22476EE420050CC09 /* UIStackViewProjTests */ = {
			isa = PBXNativeTarget;
			buildConfigurationList = 1B6651BF2476EE420050CC09 /* Build configuration list for PBXNativeTarget "UIStackViewProjTests" */;
			buildPhases = (
				1B6651AF2476EE420050CC09 /* Sources */,
				1B6651B02476EE420050CC09 /* Frameworks */,
				1B6651B12476EE420050CC09 /* Resources */,
			);
			buildRules = (
			);
			dependencies = (
				1B6651B52476EE420050CC09 /* PBXTargetDependency */,
			);
			name = UIStackViewProjTests;
			productName = UIStackViewProjTests;
			productReference = 1B6651B32476EE420050CC09 /* UIStackViewProjTests.xctest */;
			productType = "com.apple.product-type.bundle.unit-test";
		};
/* End PBXNativeTarget section */

/* Begin PBXProject section */
		1B6651952476EE410050CC09 /* Project object */ = {
			isa = PBXProject;
			attributes = {
				LastSwiftUpdateCheck = 1120;
				LastUpgradeCheck = 1120;
				ORGANIZATIONNAME = BNH;
				TargetAttributes = {
					1B66519C2476EE410050CC09 = {
						CreatedOnToolsVersion = 11.2.1;
					};
					1B6651B22476EE420050CC09 = {
						CreatedOnToolsVersion = 11.2.1;
						TestTargetID = 1B66519C2476EE410050CC09;
					};
				};
			};
			buildConfigurationList = 1B6651982476EE410050CC09 /* Build configuration list for PBXProject "UIStackViewProj" */;
			compatibilityVersion = "Xcode 9.3";
			developmentRegion = en;
			hasScannedForEncodings = 0;
			knownRegions = (
				en,
				Base,
			);
			mainGroup = 1B6651942476EE410050CC09;
			productRefGroup = 1B66519E2476EE410050CC09 /* Products */;
			projectDirPath = "";
			projectRoot = "";
			targets = (
				1B66519C2476EE410050CC09 /* UIStackViewProj */,
				1B6651B22476EE420050CC09 /* UIStackViewProjTests */,
			);
		};
/* End PBXProject section */

/* Begin PBXResourcesBuildPhase section */
		1B66519B2476EE410050CC09 /* Resources */ = {
			isa = PBXResourcesBuildPhase;
			buildActionMask = 2147483647;
			files = (
				1B6651AD2476EE420050CC09 /* LaunchScreen.storyboard in Resources */,
				1B6651AA2476EE420050CC09 /* Assets.xcassets in Resources */,
				1B6651A82476EE410050CC09 /* Main.storyboard in Resources */,
			);
			runOnlyForDeploymentPostprocessing = 0;
		};
		1B6651B12476EE420050CC09 /* Resources */ = {
			isa = PBXResourcesBuildPhase;
			buildActionMask = 2147483647;
			files = (
			);
			runOnlyForDeploymentPostprocessing = 0;
		};
/* End PBXResourcesBuildPhase section */

/* Begin PBXSourcesBuildPhase section */
		1B6651992476EE410050CC09 /* Sources */ = {
			isa = PBXSourcesBuildPhase;
			buildActionMask = 2147483647;
			files = (
				1BFB0583247EC92200C550F1 /* ProfileVC.swift in Sources */,
				1B6651A52476EE410050CC09 /* LoginVC.swift in Sources */,
				1B6651A12476EE410050CC09 /* AppDelegate.swift in Sources */,
				1B6651A32476EE410050CC09 /* SceneDelegate.swift in Sources */,
			);
			runOnlyForDeploymentPostprocessing = 0;
		};
		1B6651AF2476EE420050CC09 /* Sources */ = {
			isa = PBXSourcesBuildPhase;
			buildActionMask = 2147483647;
			files = (
				1B6651B82476EE420050CC09 /* UIStackViewProjTests.swift in Sources */,
			);
			runOnlyForDeploymentPostprocessing = 0;
		};
/* End PBXSourcesBuildPhase section */

/* Begin PBXTargetDependency section */
		1B6651B52476EE420050CC09 /* PBXTargetDependency */ = {
			isa = PBXTargetDependency;
			target = 1B66519C2476EE410050CC09 /* UIStackViewProj */;
			targetProxy = 1B6651B42476EE420050CC09 /* PBXContainerItemProxy */;
		};
/* End PBXTargetDependency section */

/* Begin PBXVariantGroup section */
		1B6651A62476EE410050CC09 /* Main.storyboard */ = {
			isa = PBXVariantGroup;
			children = (
				1B6651A72476EE410050CC09 /* Base */,
			);
			name = Main.storyboard;
			sourceTree = "<group>";
		};
		1B6651AB2476EE420050CC09 /* LaunchScreen.storyboard */ = {
			isa = PBXVariantGroup;
			children = (
				1B6651AC2476EE420050CC09 /* Base */,
			);
			name = LaunchScreen.storyboard;
			sourceTree = "<group>";
		};
/* End PBXVariantGroup section */

/* Begin XCBuildConfiguration section */
		1B6651BA2476EE420050CC09 /* Debug */ = {
			isa = XCBuildConfiguration;
			buildSettings = {
				ALWAYS_SEARCH_USER_PATHS = NO;
				CLANG_ANALYZER_NONNULL = YES;
				CLANG_ANALYZER_NUMBER_OBJECT_CONVERSION = YES_AGGRESSIVE;
				CLANG_CXX_LANGUAGE_STANDARD = "gnu++14";
				CLANG_CXX_LIBRARY = "libc++";
				CLANG_ENABLE_MODULES = YES;
				CLANG_ENABLE_OBJC_ARC = YES;
				CLANG_ENABLE_OBJC_WEAK = YES;
				CLANG_WARN_BLOCK_CAPTURE_AUTORELEASING = YES;
				CLANG_WARN_BOOL_CONVERSION = YES;
				CLANG_WARN_COMMA = YES;
				CLANG_WARN_CONSTANT_CONVERSION = YES;
				CLANG_WARN_DEPRECATED_OBJC_IMPLEMENTATIONS = YES;
				CLANG_WARN_DIRECT_OBJC_ISA_USAGE = YES_ERROR;
				CLANG_WARN_DOCUMENTATION_COMMENTS = YES;
				CLANG_WARN_EMPTY_BODY = YES;
				CLANG_WARN_ENUM_CONVERSION = YES;
				CLANG_WARN_INFINITE_RECURSION = YES;
				CLANG_WARN_INT_CONVERSION = YES;
				CLANG_WARN_NON_LITERAL_NULL_CONVERSION = YES;
				CLANG_WARN_OBJC_IMPLICIT_RETAIN_SELF = YES;
				CLANG_WARN_OBJC_LITERAL_CONVERSION = YES;
				CLANG_WARN_OBJC_ROOT_CLASS = YES_ERROR;
				CLANG_WARN_RANGE_LOOP_ANALYSIS = YES;
				CLANG_WARN_STRICT_PROTOTYPES = YES;
				CLANG_WARN_SUSPICIOUS_MOVE = YES;
				CLANG_WARN_UNGUARDED_AVAILABILITY = YES_AGGRESSIVE;
				CLANG_WARN_UNREACHABLE_CODE = YES;
				CLANG_WARN__DUPLICATE_METHOD_MATCH = YES;
				COPY_PHASE_STRIP = NO;
				DEBUG_INFORMATION_FORMAT = dwarf;
				ENABLE_STRICT_OBJC_MSGSEND = YES;
				ENABLE_TESTABILITY = YES;
				GCC_C_LANGUAGE_STANDARD = gnu11;
				GCC_DYNAMIC_NO_PIC = NO;
				GCC_NO_COMMON_BLOCKS = YES;
				GCC_OPTIMIZATION_LEVEL = 0;
				GCC_PREPROCESSOR_DEFINITIONS = (
					"DEBUG=1",
					"$(inherited)",
				);
				GCC_WARN_64_TO_32_BIT_CONVERSION = YES;
				GCC_WARN_ABOUT_RETURN_TYPE = YES_ERROR;
				GCC_WARN_UNDECLARED_SELECTOR = YES;
				GCC_WARN_UNINITIALIZED_AUTOS = YES_AGGRESSIVE;
				GCC_WARN_UNUSED_FUNCTION = YES;
				GCC_WARN_UNUSED_VARIABLE = YES;
				IPHONEOS_DEPLOYMENT_TARGET = 13.2;
				MTL_ENABLE_DEBUG_INFO = INCLUDE_SOURCE;
				MTL_FAST_MATH = YES;
				ONLY_ACTIVE_ARCH = YES;
				SDKROOT = iphoneos;
				SWIFT_ACTIVE_COMPILATION_CONDITIONS = DEBUG;
				SWIFT_OPTIMIZATION_LEVEL = "-Onone";
			};
			name = Debug;
		};
		1B6651BB2476EE420050CC09 /* Release */ = {
			isa = XCBuildConfiguration;
			buildSettings = {
				ALWAYS_SEARCH_USER_PATHS = NO;
				CLANG_ANALYZER_NONNULL = YES;
				CLANG_ANALYZER_NUMBER_OBJECT_CONVERSION = YES_AGGRESSIVE;
				CLANG_CXX_LANGUAGE_STANDARD = "gnu++14";
				CLANG_CXX_LIBRARY = "libc++";
				CLANG_ENABLE_MODULES = YES;
				CLANG_ENABLE_OBJC_ARC = YES;
				CLANG_ENABLE_OBJC_WEAK = YES;
				CLANG_WARN_BLOCK_CAPTURE_AUTORELEASING = YES;
				CLANG_WARN_BOOL_CONVERSION = YES;
				CLANG_WARN_COMMA = YES;
				CLANG_WARN_CONSTANT_CONVERSION = YES;
				CLANG_WARN_DEPRECATED_OBJC_IMPLEMENTATIONS = YES;
				CLANG_WARN_DIRECT_OBJC_ISA_USAGE = YES_ERROR;
				CLANG_WARN_DOCUMENTATION_COMMENTS = YES;
				CLANG_WARN_EMPTY_BODY = YES;
				CLANG_WARN_ENUM_CONVERSION = YES;
				CLANG_WARN_INFINITE_RECURSION = YES;
				CLANG_WARN_INT_CONVERSION = YES;
				CLANG_WARN_NON_LITERAL_NULL_CONVERSION = YES;
				CLANG_WARN_OBJC_IMPLICIT_RETAIN_SELF = YES;
				CLANG_WARN_OBJC_LITERAL_CONVERSION = YES;
				CLANG_WARN_OBJC_ROOT_CLASS = YES_ERROR;
				CLANG_WARN_RANGE_LOOP_ANALYSIS = YES;
				CLANG_WARN_STRICT_PROTOTYPES = YES;
				CLANG_WARN_SUSPICIOUS_MOVE = YES;
				CLANG_WARN_UNGUARDED_AVAILABILITY = YES_AGGRESSIVE;
				CLANG_WARN_UNREACHABLE_CODE = YES;
				CLANG_WARN__DUPLICATE_METHOD_MATCH = YES;
				COPY_PHASE_STRIP = NO;
				DEBUG_INFORMATION_FORMAT = "dwarf-with-dsym";
				ENABLE_NS_ASSERTIONS = NO;
				ENABLE_STRICT_OBJC_MSGSEND = YES;
				GCC_C_LANGUAGE_STANDARD = gnu11;
				GCC_NO_COMMON_BLOCKS = YES;
				GCC_WARN_64_TO_32_BIT_CONVERSION = YES;
				GCC_WARN_ABOUT_RETURN_TYPE = YES_ERROR;
				GCC_WARN_UNDECLARED_SELECTOR = YES;
				GCC_WARN_UNINITIALIZED_AUTOS = YES_AGGRESSIVE;
				GCC_WARN_UNUSED_FUNCTION = YES;
				GCC_WARN_UNUSED_VARIABLE = YES;
				IPHONEOS_DEPLOYMENT_TARGET = 13.2;
				MTL_ENABLE_DEBUG_INFO = NO;
				MTL_FAST_MATH = YES;
				SDKROOT = iphoneos;
				SWIFT_COMPILATION_MODE = wholemodule;
				SWIFT_OPTIMIZATION_LEVEL = "-O";
				VALIDATE_PRODUCT = YES;
			};
			name = Release;
		};
		1B6651BD2476EE420050CC09 /* Debug */ = {
			isa = XCBuildConfiguration;
			buildSettings = {
				ASSETCATALOG_COMPILER_APPICON_NAME = AppIcon;
				CODE_SIGN_STYLE = Automatic;
				DEVELOPMENT_TEAM = 925LD6VDN2;
				INFOPLIST_FILE = UIStackViewProj/Info.plist;
				LD_RUNPATH_SEARCH_PATHS = (
					"$(inherited)",
					"@executable_path/Frameworks",
				);
				PRODUCT_BUNDLE_IDENTIFIER = com.bnh.UIStackViewProj;
				PRODUCT_NAME = "$(TARGET_NAME)";
				SWIFT_VERSION = 5.0;
				TARGETED_DEVICE_FAMILY = "1,2";
			};
			name = Debug;
		};
		1B6651BE2476EE420050CC09 /* Release */ = {
			isa = XCBuildConfiguration;
			buildSettings = {
				ASSETCATALOG_COMPILER_APPICON_NAME = AppIcon;
				CODE_SIGN_STYLE = Automatic;
				DEVELOPMENT_TEAM = 925LD6VDN2;
				INFOPLIST_FILE = UIStackViewProj/Info.plist;
				LD_RUNPATH_SEARCH_PATHS = (
					"$(inherited)",
					"@executable_path/Frameworks",
				);
				PRODUCT_BUNDLE_IDENTIFIER = com.bnh.UIStackViewProj;
				PRODUCT_NAME = "$(TARGET_NAME)";
				SWIFT_VERSION = 5.0;
				TARGETED_DEVICE_FAMILY = "1,2";
			};
			name = Release;
		};
		1B6651C02476EE420050CC09 /* Debug */ = {
			isa = XCBuildConfiguration;
			buildSettings = {
				ALWAYS_EMBED_SWIFT_STANDARD_LIBRARIES = YES;
				BUNDLE_LOADER = "$(TEST_HOST)";
				CODE_SIGN_STYLE = Automatic;
				DEVELOPMENT_TEAM = 925LD6VDN2;
				INFOPLIST_FILE = UIStackViewProjTests/Info.plist;
				IPHONEOS_DEPLOYMENT_TARGET = 13.2;
				LD_RUNPATH_SEARCH_PATHS = (
					"$(inherited)",
					"@executable_path/Frameworks",
					"@loader_path/Frameworks",
				);
				PRODUCT_BUNDLE_IDENTIFIER = com.bnh.UIStackViewProjTests;
				PRODUCT_NAME = "$(TARGET_NAME)";
				SWIFT_VERSION = 5.0;
				TARGETED_DEVICE_FAMILY = "1,2";
				TEST_HOST = "$(BUILT_PRODUCTS_DIR)/UIStackViewProj.app/UIStackViewProj";
			};
			name = Debug;
		};
		1B6651C12476EE420050CC09 /* Release */ = {
			isa = XCBuildConfiguration;
			buildSettings = {
				ALWAYS_EMBED_SWIFT_STANDARD_LIBRARIES = YES;
				BUNDLE_LOADER = "$(TEST_HOST)";
				CODE_SIGN_STYLE = Automatic;
				DEVELOPMENT_TEAM = 925LD6VDN2;
				INFOPLIST_FILE = UIStackViewProjTests/Info.plist;
				IPHONEOS_DEPLOYMENT_TARGET = 13.2;
				LD_RUNPATH_SEARCH_PATHS = (
					"$(inherited)",
					"@executable_path/Frameworks",
					"@loader_path/Frameworks",
				);
				PRODUCT_BUNDLE_IDENTIFIER = com.bnh.UIStackViewProjTests;
				PRODUCT_NAME = "$(TARGET_NAME)";
				SWIFT_VERSION = 5.0;
				TARGETED_DEVICE_FAMILY = "1,2";
				TEST_HOST = "$(BUILT_PRODUCTS_DIR)/UIStackViewProj.app/UIStackViewProj";
			};
			name = Release;
		};
/* End XCBuildConfiguration section */

/* Begin XCConfigurationList section */
		1B6651982476EE410050CC09 /* Build configuration list for PBXProject "UIStackViewProj" */ = {
			isa = XCConfigurationList;
			buildConfigurations = (
				1B6651BA2476EE420050CC09 /* Debug */,
				1B6651BB2476EE420050CC09 /* Release */,
			);
			defaultConfigurationIsVisible = 0;
			defaultConfigurationName = Release;
		};
		1B6651BC2476EE420050CC09 /* Build configuration list for PBXNativeTarget "UIStackViewProj" */ = {
			isa = XCConfigurationList;
			buildConfigurations = (
				1B6651BD2476EE420050CC09 /* Debug */,
				1B6651BE2476EE420050CC09 /* Release */,
			);
			defaultConfigurationIsVisible = 0;
			defaultConfigurationName = Release;
		};
		1B6651BF2476EE420050CC09 /* Build configuration list for PBXNativeTarget "UIStackViewProjTests" */ = {
			isa = XCConfigurationList;
			buildConfigurations = (
				1B6651C02476EE420050CC09 /* Debug */,
				1B6651C12476EE420050CC09 /* Release */,
			);
			defaultConfigurationIsVisible = 0;
			defaultConfigurationName = Release;
		};
/* End XCConfigurationList section */
	};
	rootObject = 1B6651952476EE410050CC09 /* Project object */;
}
